
Microsoft Visual Studio Solution File, Format Version 12.00
Project("{FAE04EC0-301F-11D3-BF4B-00C04F79EFBC}") = "SudokuCrackerCBT", "SudokuCrackerCBT\SudokuCrackerCBT.csproj", "{11B0A510-613E-48FA-B4C9-A6A19A6AA2F0}"
EndProject
Project("{FAE04EC0-301F-11D3-BF4B-00C04F79EFBC}") = "SudokuCrackerILS", "SudokuCrackerILS\SudokuCrackerILS.csproj", "{899884BD-B076-4153-BDA2-E3D419F964C8}"
EndProject
Global
	GlobalSection(SolutionConfigurationPlatforms) = preSolution
		Debug|Any CPU = Debug|Any CPU
		Release|Any CPU = Release|Any CPU
	EndGlobalSection
	GlobalSection(ProjectConfigurationPlatforms) = postSolution
		{11B0A510-613E-48FA-B4C9-A6A19A6AA2F0}.Debug|Any CPU.ActiveCfg = Debug|Any CPU
		{11B0A510-613E-48FA-B4C9-A6A19A6AA2F0}.Debug|Any CPU.Build.0 = Debug|Any CPU
		{11B0A510-613E-48FA-B4C9-A6A19A6AA2F0}.Release|Any CPU.ActiveCfg = Release|Any CPU
		{11B0A510-613E-48FA-B4C9-A6A19A6AA2F0}.Release|Any CPU.Build.0 = Release|Any CPU
		{899884BD-B076-4153-BDA2-E3D419F964C8}.Debug|Any CPU.ActiveCfg = Debug|Any CPU
		{899884BD-B076-4153-BDA2-E3D419F964C8}.Debug|Any CPU.Build.0 = Debug|Any CPU
		{899884BD-B076-4153-BDA2-E3D419F964C8}.Release|Any CPU.ActiveCfg = Release|Any CPU
		{899884BD-B076-4153-BDA2-E3D419F964C8}.Release|Any CPU.Build.0 = Release|Any CPU
	EndGlobalSection
EndGlobal
